
Microsoft Visual Studio Solution File, Format Version 12.00
# Visual Studio 2013
VisualStudioVersion = 12.0.21005.1
MinimumVisualStudioVersion = 10.0.40219.1
Project("{2150E333-8FDC-42A3-9474-1A3956D46DE8}") = "lib", "lib", "{7C294455-BB79-4CD5-8CB2-1C02AFA6FAC4}"
EndProject
Project("{FAE04EC0-301F-11D3-BF4B-00C04F79EFBC}") = "Ejercicio", "Ejercicio\Ejercicio.csproj", "{BF5EA5BE-F5DC-48A1-AF6E-58A9E465BA1F}"
EndProject
Project("{2150E333-8FDC-42A3-9474-1A3956D46DE8}") = "Out", "Out", "{5D0FE5B6-94EA-4E4C-B7AC-0FE8ADB08BE9}"
EndProject
Project("{FAE04EC0-301F-11D3-BF4B-00C04F79EFBC}") = "Command", "Command\Command.csproj", "{EDC85543-5130-45AC-9FE0-65E41FFAD578}"
EndProject
Project("{FAE04EC0-301F-11D3-BF4B-00C04F79EFBC}") = "Graphics", "Graphics\Graphics.csproj", "{30FF2490-39E8-465B-8B92-FA0E975F4C49}"
EndProject
Global
	GlobalSection(SolutionConfigurationPlatforms) = preSolution
		Debug|Any CPU = Debug|Any CPU
		Release|Any CPU = Release|Any CPU
	EndGlobalSection
	GlobalSection(ProjectConfigurationPlatforms) = postSolution
		{BF5EA5BE-F5DC-48A1-AF6E-58A9E465BA1F}.Debug|Any CPU.ActiveCfg = Debug|Any CPU
		{BF5EA5BE-F5DC-48A1-AF6E-58A9E465BA1F}.Debug|Any CPU.Build.0 = Debug|Any CPU
		{BF5EA5BE-F5DC-48A1-AF6E-58A9E465BA1F}.Release|Any CPU.ActiveCfg = Release|Any CPU
		{BF5EA5BE-F5DC-48A1-AF6E-58A9E465BA1F}.Release|Any CPU.Build.0 = Release|Any CPU
		{EDC85543-5130-45AC-9FE0-65E41FFAD578}.Debug|Any CPU.ActiveCfg = Debug|Any CPU
		{EDC85543-5130-45AC-9FE0-65E41FFAD578}.Debug|Any CPU.Build.0 = Debug|Any CPU
		{EDC85543-5130-45AC-9FE0-65E41FFAD578}.Release|Any CPU.ActiveCfg = Release|Any CPU
		{EDC85543-5130-45AC-9FE0-65E41FFAD578}.Release|Any CPU.Build.0 = Release|Any CPU
		{30FF2490-39E8-465B-8B92-FA0E975F4C49}.Debug|Any CPU.ActiveCfg = Debug|Any CPU
		{30FF2490-39E8-465B-8B92-FA0E975F4C49}.Debug|Any CPU.Build.0 = Debug|Any CPU
		{30FF2490-39E8-465B-8B92-FA0E975F4C49}.Release|Any CPU.ActiveCfg = Release|Any CPU
		{30FF2490-39E8-465B-8B92-FA0E975F4C49}.Release|Any CPU.Build.0 = Release|Any CPU
	EndGlobalSection
	GlobalSection(SolutionProperties) = preSolution
		HideSolutionNode = FALSE
	EndGlobalSection
	GlobalSection(NestedProjects) = preSolution
		{BF5EA5BE-F5DC-48A1-AF6E-58A9E465BA1F} = {7C294455-BB79-4CD5-8CB2-1C02AFA6FAC4}
		{EDC85543-5130-45AC-9FE0-65E41FFAD578} = {5D0FE5B6-94EA-4E4C-B7AC-0FE8ADB08BE9}
		{30FF2490-39E8-465B-8B92-FA0E975F4C49} = {5D0FE5B6-94EA-4E4C-B7AC-0FE8ADB08BE9}
	EndGlobalSection
EndGlobal
