
Microsoft Visual Studio Solution File, Format Version 12.00
# Visual Studio 2013
VisualStudioVersion = 12.0.21005.1
MinimumVisualStudioVersion = 10.0.40219.1
Project("{2150E333-8FDC-42A3-9474-1A3956D46DE8}") = "View", "View", "{A71D480B-23FB-46DC-9E8D-163027D7D71F}"
EndProject
Project("{2150E333-8FDC-42A3-9474-1A3956D46DE8}") = "Model", "Model", "{6FE961BF-FB95-492A-BB11-4FC88AAEC25A}"
EndProject
Project("{FAE04EC0-301F-11D3-BF4B-00C04F79EFBC}") = "Equation", "Equation\Equation.csproj", "{3F5F9E7A-4932-402E-9053-A82032230609}"
EndProject
Project("{FAE04EC0-301F-11D3-BF4B-00C04F79EFBC}") = "EqPanel", "EqPanel\EqPanel.csproj", "{947E78C3-9D5A-43BC-A895-D8A68DC948F7}"
EndProject
Global
	GlobalSection(SolutionConfigurationPlatforms) = preSolution
		Debug|Any CPU = Debug|Any CPU
		Release|Any CPU = Release|Any CPU
	EndGlobalSection
	GlobalSection(ProjectConfigurationPlatforms) = postSolution
		{3F5F9E7A-4932-402E-9053-A82032230609}.Debug|Any CPU.ActiveCfg = Debug|Any CPU
		{3F5F9E7A-4932-402E-9053-A82032230609}.Debug|Any CPU.Build.0 = Debug|Any CPU
		{3F5F9E7A-4932-402E-9053-A82032230609}.Release|Any CPU.ActiveCfg = Release|Any CPU
		{3F5F9E7A-4932-402E-9053-A82032230609}.Release|Any CPU.Build.0 = Release|Any CPU
		{947E78C3-9D5A-43BC-A895-D8A68DC948F7}.Debug|Any CPU.ActiveCfg = Debug|Any CPU
		{947E78C3-9D5A-43BC-A895-D8A68DC948F7}.Debug|Any CPU.Build.0 = Debug|Any CPU
		{947E78C3-9D5A-43BC-A895-D8A68DC948F7}.Release|Any CPU.ActiveCfg = Release|Any CPU
		{947E78C3-9D5A-43BC-A895-D8A68DC948F7}.Release|Any CPU.Build.0 = Release|Any CPU
	EndGlobalSection
	GlobalSection(SolutionProperties) = preSolution
		HideSolutionNode = FALSE
	EndGlobalSection
	GlobalSection(NestedProjects) = preSolution
		{947E78C3-9D5A-43BC-A895-D8A68DC948F7} = {A71D480B-23FB-46DC-9E8D-163027D7D71F}
		{3F5F9E7A-4932-402E-9053-A82032230609} = {6FE961BF-FB95-492A-BB11-4FC88AAEC25A}
	EndGlobalSection
EndGlobal
