
Microsoft Visual Studio Solution File, Format Version 12.00
# Visual Studio 14
VisualStudioVersion = 14.0.25420.1
MinimumVisualStudioVersion = 10.0.40219.1
Project("{2150E333-8FDC-42A3-9474-1A3956D46DE8}") = "control", "control", "{5EFE3880-F3F6-447D-B524-C292BF1FC668}"
EndProject
Project("{2150E333-8FDC-42A3-9474-1A3956D46DE8}") = "view", "view", "{0B4D69A0-BCAD-4A97-8C60-DFC827AE7139}"
EndProject
Project("{2150E333-8FDC-42A3-9474-1A3956D46DE8}") = "model", "model", "{70AD57FE-54D0-4312-B798-160D432AA32E}"
EndProject
Project("{FAE04EC0-301F-11D3-BF4B-00C04F79EFBC}") = "lib", "lib\lib.csproj", "{5E854581-CCD9-4AAD-933C-C0DBF63C78FB}"
EndProject
Project("{FAE04EC0-301F-11D3-BF4B-00C04F79EFBC}") = "Game", "Game\Game.csproj", "{2956AEC9-B750-425E-8E97-455539B60053}"
EndProject
Project("{FAE04EC0-301F-11D3-BF4B-00C04F79EFBC}") = "Juego", "Juego\Juego.csproj", "{B6F6E6ED-FFFE-45DE-A47B-6EDE5A377DE2}"
EndProject
Global
	GlobalSection(SolutionConfigurationPlatforms) = preSolution
		Debug|Any CPU = Debug|Any CPU
		Release|Any CPU = Release|Any CPU
	EndGlobalSection
	GlobalSection(ProjectConfigurationPlatforms) = postSolution
		{5E854581-CCD9-4AAD-933C-C0DBF63C78FB}.Debug|Any CPU.ActiveCfg = Debug|Any CPU
		{5E854581-CCD9-4AAD-933C-C0DBF63C78FB}.Debug|Any CPU.Build.0 = Debug|Any CPU
		{5E854581-CCD9-4AAD-933C-C0DBF63C78FB}.Release|Any CPU.ActiveCfg = Release|Any CPU
		{5E854581-CCD9-4AAD-933C-C0DBF63C78FB}.Release|Any CPU.Build.0 = Release|Any CPU
		{2956AEC9-B750-425E-8E97-455539B60053}.Debug|Any CPU.ActiveCfg = Debug|Any CPU
		{2956AEC9-B750-425E-8E97-455539B60053}.Debug|Any CPU.Build.0 = Debug|Any CPU
		{2956AEC9-B750-425E-8E97-455539B60053}.Release|Any CPU.ActiveCfg = Release|Any CPU
		{2956AEC9-B750-425E-8E97-455539B60053}.Release|Any CPU.Build.0 = Release|Any CPU
		{B6F6E6ED-FFFE-45DE-A47B-6EDE5A377DE2}.Debug|Any CPU.ActiveCfg = Debug|Any CPU
		{B6F6E6ED-FFFE-45DE-A47B-6EDE5A377DE2}.Debug|Any CPU.Build.0 = Debug|Any CPU
		{B6F6E6ED-FFFE-45DE-A47B-6EDE5A377DE2}.Release|Any CPU.ActiveCfg = Release|Any CPU
		{B6F6E6ED-FFFE-45DE-A47B-6EDE5A377DE2}.Release|Any CPU.Build.0 = Release|Any CPU
	EndGlobalSection
	GlobalSection(SolutionProperties) = preSolution
		HideSolutionNode = FALSE
	EndGlobalSection
	GlobalSection(NestedProjects) = preSolution
		{5E854581-CCD9-4AAD-933C-C0DBF63C78FB} = {70AD57FE-54D0-4312-B798-160D432AA32E}
		{2956AEC9-B750-425E-8E97-455539B60053} = {0B4D69A0-BCAD-4A97-8C60-DFC827AE7139}
		{B6F6E6ED-FFFE-45DE-A47B-6EDE5A377DE2} = {5EFE3880-F3F6-447D-B524-C292BF1FC668}
	EndGlobalSection
EndGlobal
